// !$*UTF8*$!
{
	archiveVersion = 1;
	classes = {
	};
	objectVersion = 46;
	objects = {

/* Begin PBXBuildFile section */
		902C88891EC2ECD500F9741C /* main.m in Sources */ = {isa = PBXBuildFile; fileRef = 902C88881EC2ECD500F9741C /* main.m */; };
		902C88911EC2ECEB00F9741C /* ClassDemo.m in Sources */ = {isa = PBXBuildFile; fileRef = 902C88901EC2ECEB00F9741C /* ClassDemo.m */; };
		902C88941EC2F0DA00F9741C /* Employee.m in Sources */ = {isa = PBXBuildFile; fileRef = 902C88931EC2F0DA00F9741C /* Employee.m */; };
/* End PBXBuildFile section */

/* Begin PBXCopyFilesBuildPhase section */
		902C88831EC2ECD500F9741C /* CopyFiles */ = {
			isa = PBXCopyFilesBuildPhase;
			buildActionMask = 2147483647;
			dstPath = /usr/share/man/man1/;
			dstSubfolderSpec = 0;
			files = (
			);
			runOnlyForDeploymentPostprocessing = 1;
		};
/* End PBXCopyFilesBuildPhase section */

/* Begin PBXFileReference section */
		902C88851EC2ECD500F9741C /* ClassDemo */ = {isa = PBXFileReference; explicitFileType = "compiled.mach-o.executable"; includeInIndex = 0; path = ClassDemo; sourceTree = BUILT_PRODUCTS_DIR; };
		902C88881EC2ECD500F9741C /* main.m */ = {isa = PBXFileReference; lastKnownFileType = sourcecode.c.objc; path = main.m; sourceTree = "<group>"; };
		902C888F1EC2ECEB00F9741C /* ClassDemo.h */ = {isa = PBXFileReference; fileEncoding = 4; lastKnownFileType = sourcecode.c.h; path = ClassDemo.h; sourceTree = "<group>"; };
		902C88901EC2ECEB00F9741C /* ClassDemo.m */ = {isa = PBXFileReference; fileEncoding = 4; lastKnownFileType = sourcecode.c.objc; path = ClassDemo.m; sourceTree = "<group>"; };
		902C88921EC2F0DA00F9741C /* Employee.h */ = {isa = PBXFileReference; fileEncoding = 4; lastKnownFileType = sourcecode.c.h; path = Employee.h; sourceTree = "<group>"; };
		902C88931EC2F0DA00F9741C /* Employee.m */ = {isa = PBXFileReference; fileEncoding = 4; lastKnownFileType = sourcecode.c.objc; path = Employee.m; sourceTree = "<group>"; };
/* End PBXFileReference section */

/* Begin PBXFrameworksBuildPhase section */
		902C88821EC2ECD500F9741C /* Frameworks */ = {
			isa = PBXFrameworksBuildPhase;
			buildActionMask = 2147483647;
			files = (
			);
			runOnlyForDeploymentPostprocessing = 0;
		};
/* End PBXFrameworksBuildPhase section */

/* Begin PBXGroup section */
		902C887C1EC2ECD500F9741C = {
			isa = PBXGroup;
			children = (
				902C88921EC2F0DA00F9741C /* Employee.h */,
				902C88931EC2F0DA00F9741C /* Employee.m */,
				902C888F1EC2ECEB00F9741C /* ClassDemo.h */,
				902C88901EC2ECEB00F9741C /* ClassDemo.m */,
				902C88871EC2ECD500F9741C /* ClassDemo */,
				902C88861EC2ECD500F9741C /* Products */,
			);
			sourceTree = "<group>";
		};
		902C88861EC2ECD500F9741C /* Products */ = {
			isa = PBXGroup;
			children = (
				902C88851EC2ECD500F9741C /* ClassDemo */,
			);
			name = Products;
			sourceTree = "<group>";
		};
		902C88871EC2ECD500F9741C /* ClassDemo */ = {
			isa = PBXGroup;
			children = (
				902C88881EC2ECD500F9741C /* main.m */,
			);
			path = ClassDemo;
			sourceTree = "<group>";
		};
/* End PBXGroup section */

/* Begin PBXNativeTarget section */
		902C88841EC2ECD500F9741C /* ClassDemo */ = {
			isa = PBXNativeTarget;
			buildConfigurationList = 902C888C1EC2ECD500F9741C /* Build configuration list for PBXNativeTarget "ClassDemo" */;
			buildPhases = (
				902C88811EC2ECD500F9741C /* Sources */,
				902C88821EC2ECD500F9741C /* Frameworks */,
				902C88831EC2ECD500F9741C /* CopyFiles */,
			);
			buildRules = (
			);
			dependencies = (
			);
			name = ClassDemo;
			productName = ClassDemo;
			productReference = 902C88851EC2ECD500F9741C /* ClassDemo */;
			productType = "com.apple.product-type.tool";
		};
/* End PBXNativeTarget section */

/* Begin PBXProject section */
		902C887D1EC2ECD500F9741C /* Project object */ = {
			isa = PBXProject;
			attributes = {
				LastUpgradeCheck = 0820;
				ORGANIZATIONNAME = CUE;
				TargetAttributes = {
					902C88841EC2ECD500F9741C = {
						CreatedOnToolsVersion = 8.2.1;
						ProvisioningStyle = Automatic;
					};
				};
			};
			buildConfigurationList = 902C88801EC2ECD500F9741C /* Build configuration list for PBXProject "ClassDemo" */;
			compatibilityVersion = "Xcode 3.2";
			developmentRegion = English;
			hasScannedForEncodings = 0;
			knownRegions = (
				en,
			);
			mainGroup = 902C887C1EC2ECD500F9741C;
			productRefGroup = 902C88861EC2ECD500F9741C /* Products */;
			projectDirPath = "";
			projectRoot = "";
			targets = (
				902C88841EC2ECD500F9741C /* ClassDemo */,
			);
		};
/* End PBXProject section */

/* Begin PBXSourcesBuildPhase section */
		902C88811EC2ECD500F9741C /* Sources */ = {
			isa = PBXSourcesBuildPhase;
			buildActionMask = 2147483647;
			files = (
				902C88941EC2F0DA00F9741C /* Employee.m in Sources */,
				902C88891EC2ECD500F9741C /* main.m in Sources */,
				902C88911EC2ECEB00F9741C /* ClassDemo.m in Sources */,
			);
			runOnlyForDeploymentPostprocessing = 0;
		};
/* End PBXSourcesBuildPhase section */

/* Begin XCBuildConfiguration section */
		902C888A1EC2ECD500F9741C /* Debug */ = {
			isa = XCBuildConfiguration;
			buildSettings = {
				ALWAYS_SEARCH_USER_PATHS = NO;
				CLANG_ANALYZER_NONNULL = YES;
				CLANG_CXX_LANGUAGE_STANDARD = "gnu++0x";
				CLANG_CXX_LIBRARY = "libc++";
				CLANG_ENABLE_MODULES = YES;
				CLANG_ENABLE_OBJC_ARC = YES;
				CLANG_WARN_BOOL_CONVERSION = YES;
				CLANG_WARN_CONSTANT_CONVERSION = YES;
				CLANG_WARN_DIRECT_OBJC_ISA_USAGE = YES_ERROR;
				CLANG_WARN_DOCUMENTATION_COMMENTS = YES;
				CLANG_WARN_EMPTY_BODY = YES;
				CLANG_WARN_ENUM_CONVERSION = YES;
				CLANG_WARN_INFINITE_RECURSION = YES;
				CLANG_WARN_INT_CONVERSION = YES;
				CLANG_WARN_OBJC_ROOT_CLASS = YES_ERROR;
				CLANG_WARN_SUSPICIOUS_MOVE = YES;
				CLANG_WARN_UNREACHABLE_CODE = YES;
				CLANG_WARN__DUPLICATE_METHOD_MATCH = YES;
				CODE_SIGN_IDENTITY = "-";
				COPY_PHASE_STRIP = NO;
				DEBUG_INFORMATION_FORMAT = dwarf;
				ENABLE_STRICT_OBJC_MSGSEND = YES;
				ENABLE_TESTABILITY = YES;
				GCC_C_LANGUAGE_STANDARD = gnu99;
				GCC_DYNAMIC_NO_PIC = NO;
				GCC_NO_COMMON_BLOCKS = YES;
				GCC_OPTIMIZATION_LEVEL = 0;
				GCC_PREPROCESSOR_DEFINITIONS = (
					"DEBUG=1",
					"$(inherited)",
				);
				GCC_WARN_64_TO_32_BIT_CONVERSION = YES;
				GCC_WARN_ABOUT_RETURN_TYPE = YES_ERROR;
				GCC_WARN_UNDECLARED_SELECTOR = YES;
				GCC_WARN_UNINITIALIZED_AUTOS = YES_AGGRESSIVE;
				GCC_WARN_UNUSED_FUNCTION = YES;
				GCC_WARN_UNUSED_VARIABLE = YES;
				MACOSX_DEPLOYMENT_TARGET = 10.12;
				MTL_ENABLE_DEBUG_INFO = YES;
				ONLY_ACTIVE_ARCH = YES;
				SDKROOT = macosx;
			};
			name = Debug;
		};
		902C888B1EC2ECD500F9741C /* Release */ = {
			isa = XCBuildConfiguration;
			buildSettings = {
				ALWAYS_SEARCH_USER_PATHS = NO;
				CLANG_ANALYZER_NONNULL = YES;
				CLANG_CXX_LANGUAGE_STANDARD = "gnu++0x";
				CLANG_CXX_LIBRARY = "libc++";
				CLANG_ENABLE_MODULES = YES;
				CLANG_ENABLE_OBJC_ARC = YES;
				CLANG_WARN_BOOL_CONVERSION = YES;
				CLANG_WARN_CONSTANT_CONVERSION = YES;
				CLANG_WARN_DIRECT_OBJC_ISA_USAGE = YES_ERROR;
				CLANG_WARN_DOCUMENTATION_COMMENTS = YES;
				CLANG_WARN_EMPTY_BODY = YES;
				CLANG_WARN_ENUM_CONVERSION = YES;
				CLANG_WARN_INFINITE_RECURSION = YES;
				CLANG_WARN_INT_CONVERSION = YES;
				CLANG_WARN_OBJC_ROOT_CLASS = YES_ERROR;
				CLANG_WARN_SUSPICIOUS_MOVE = YES;
				CLANG_WARN_UNREACHABLE_CODE = YES;
				CLANG_WARN__DUPLICATE_METHOD_MATCH = YES;
				CODE_SIGN_IDENTITY = "-";
				COPY_PHASE_STRIP = NO;
				DEBUG_INFORMATION_FORMAT = "dwarf-with-dsym";
				ENABLE_NS_ASSERTIONS = NO;
				ENABLE_STRICT_OBJC_MSGSEND = YES;
				GCC_C_LANGUAGE_STANDARD = gnu99;
				GCC_NO_COMMON_BLOCKS = YES;
				GCC_WARN_64_TO_32_BIT_CONVERSION = YES;
				GCC_WARN_ABOUT_RETURN_TYPE = YES_ERROR;
				GCC_WARN_UNDECLARED_SELECTOR = YES;
				GCC_WARN_UNINITIALIZED_AUTOS = YES_AGGRESSIVE;
				GCC_WARN_UNUSED_FUNCTION = YES;
				GCC_WARN_UNUSED_VARIABLE = YES;
				MACOSX_DEPLOYMENT_TARGET = 10.12;
				MTL_ENABLE_DEBUG_INFO = NO;
				SDKROOT = macosx;
			};
			name = Release;
		};
		902C888D1EC2ECD500F9741C /* Debug */ = {
			isa = XCBuildConfiguration;
			buildSettings = {
				PRODUCT_NAME = "$(TARGET_NAME)";
			};
			name = Debug;
		};
		902C888E1EC2ECD500F9741C /* Release */ = {
			isa = XCBuildConfiguration;
			buildSettings = {
				PRODUCT_NAME = "$(TARGET_NAME)";
			};
			name = Release;
		};
/* End XCBuildConfiguration section */

/* Begin XCConfigurationList section */
		902C88801EC2ECD500F9741C /* Build configuration list for PBXProject "ClassDemo" */ = {
			isa = XCConfigurationList;
			buildConfigurations = (
				902C888A1EC2ECD500F9741C /* Debug */,
				902C888B1EC2ECD500F9741C /* Release */,
			);
			defaultConfigurationIsVisible = 0;
			defaultConfigurationName = Release;
		};
		902C888C1EC2ECD500F9741C /* Build configuration list for PBXNativeTarget "ClassDemo" */ = {
			isa = XCConfigurationList;
			buildConfigurations = (
				902C888D1EC2ECD500F9741C /* Debug */,
				902C888E1EC2ECD500F9741C /* Release */,
			);
			defaultConfigurationIsVisible = 0;
		};
/* End XCConfigurationList section */
	};
	rootObject = 902C887D1EC2ECD500F9741C /* Project object */;
}
